{"is_source_file": false, "format": "", "description": "", "external_files": [], "external_methods": [], "published": [], "classes": [], "methods": [], "calls": [], "search-terms": [], "state": 2, "file_id": 10, "knowledge_revision": 27, "git_revision": "c049498674ae48f5c2acf8fc2ffc45b1a54f4e7e", "hash": "e9b4c3b42cef0193b7fddb548d37e652", "format-version": 4, "code-base-name": "tic_tac_toe_frontend", "filename": "tic_tac_toe_frontend/post_process_status.lock", "revision_history": [{"27": "c049498674ae48f5c2acf8fc2ffc45b1a54f4e7e"}]}